
Microsoft Visual Studio Solution File, Format Version 12.00
# Visual Studio 15
VisualStudioVersion = 15.0.27703.2042
MinimumVisualStudioVersion = 10.0.40219.1
Project("{FAE04EC0-301F-11D3-BF4B-00C04F79EFBC}") = "ChatClient", "ChatClient.csproj", "{B6E3314E-150F-43F6-8351-EC40B38EB45D}"
EndProject
Global
	GlobalSection(SolutionConfigurationPlatforms) = preSolution
		Debug|Any CPU = Debug|Any CPU
		Release|Any CPU = Release|Any CPU
	EndGlobalSection
	GlobalSection(ProjectConfigurationPlatforms) = postSolution
		{B6E3314E-150F-43F6-8351-EC40B38EB45D}.Debug|Any CPU.ActiveCfg = Debug|Any CPU
		{B6E3314E-150F-43F6-8351-EC40B38EB45D}.Debug|Any CPU.Build.0 = Debug|Any CPU
		{B6E3314E-150F-43F6-8351-EC40B38EB45D}.Release|Any CPU.ActiveCfg = Release|Any CPU
		{B6E3314E-150F-43F6-8351-EC40B38EB45D}.Release|Any CPU.Build.0 = Release|Any CPU
	EndGlobalSection
	GlobalSection(SolutionProperties) = preSolution
		HideSolutionNode = FALSE
	EndGlobalSection
	GlobalSection(ExtensibilityGlobals) = postSolution
		SolutionGuid = {BF096D89-895D-4830-87F6-D71DE22F39FF}
	EndGlobalSection
EndGlobal
